
Microsoft Visual Studio Solution File, Format Version 12.00
# Visual Studio Version 16
VisualStudioVersion = 16.0.31105.61
MinimumVisualStudioVersion = 10.0.40219.1
Project("{FAE04EC0-301F-11D3-BF4B-00C04F79EFBC}") = "лаба1_с_шарп", "лаба1_с_шарп\лаба1_с_шарп.csproj", "{1082E2D3-C8B8-4771-B24B-E84D083CA2FD}"
EndProject
Project("{FAE04EC0-301F-11D3-BF4B-00C04F79EFBC}") = "лаба2_с_шарп", "лаба2_с_шарп\лаба2_с_шарп.csproj", "{652E5FE6-1C3C-4D4B-8A66-CC9605C1A6C3}"
EndProject
Project("{FAE04EC0-301F-11D3-BF4B-00C04F79EFBC}") = "лаба3_с_шарп", "лаба3_с_шарп\лаба3_с_шарп.csproj", "{135E7A65-E373-455E-8331-A9D91FADF530}"
EndProject
Project("{9A19103F-16F7-4668-BE54-9A1E7A4F7556}") = "лаба4с_шарп", "лаба4с_шарп\лаба4с_шарп.csproj", "{6040418F-C7BF-46CA-A634-92C27BB74164}"
EndProject
Project("{FAE04EC0-301F-11D3-BF4B-00C04F79EFBC}") = "лаба5_6_с_шарп", "лаба5_6_с_шарп\лаба5_6_с_шарп.csproj", "{1870D147-B43E-4054-BE60-AC07A3CB6F99}"
EndProject
Global
	GlobalSection(SolutionConfigurationPlatforms) = preSolution
		Debug|Any CPU = Debug|Any CPU
		Release|Any CPU = Release|Any CPU
	EndGlobalSection
	GlobalSection(ProjectConfigurationPlatforms) = postSolution
		{1082E2D3-C8B8-4771-B24B-E84D083CA2FD}.Debug|Any CPU.ActiveCfg = Debug|Any CPU
		{1082E2D3-C8B8-4771-B24B-E84D083CA2FD}.Debug|Any CPU.Build.0 = Debug|Any CPU
		{1082E2D3-C8B8-4771-B24B-E84D083CA2FD}.Release|Any CPU.ActiveCfg = Release|Any CPU
		{1082E2D3-C8B8-4771-B24B-E84D083CA2FD}.Release|Any CPU.Build.0 = Release|Any CPU
		{652E5FE6-1C3C-4D4B-8A66-CC9605C1A6C3}.Debug|Any CPU.ActiveCfg = Debug|Any CPU
		{652E5FE6-1C3C-4D4B-8A66-CC9605C1A6C3}.Debug|Any CPU.Build.0 = Debug|Any CPU
		{652E5FE6-1C3C-4D4B-8A66-CC9605C1A6C3}.Release|Any CPU.ActiveCfg = Release|Any CPU
		{652E5FE6-1C3C-4D4B-8A66-CC9605C1A6C3}.Release|Any CPU.Build.0 = Release|Any CPU
		{135E7A65-E373-455E-8331-A9D91FADF530}.Debug|Any CPU.ActiveCfg = Debug|Any CPU
		{135E7A65-E373-455E-8331-A9D91FADF530}.Debug|Any CPU.Build.0 = Debug|Any CPU
		{135E7A65-E373-455E-8331-A9D91FADF530}.Release|Any CPU.ActiveCfg = Release|Any CPU
		{135E7A65-E373-455E-8331-A9D91FADF530}.Release|Any CPU.Build.0 = Release|Any CPU
		{6040418F-C7BF-46CA-A634-92C27BB74164}.Debug|Any CPU.ActiveCfg = Debug|Any CPU
		{6040418F-C7BF-46CA-A634-92C27BB74164}.Debug|Any CPU.Build.0 = Debug|Any CPU
		{6040418F-C7BF-46CA-A634-92C27BB74164}.Release|Any CPU.ActiveCfg = Release|Any CPU
		{6040418F-C7BF-46CA-A634-92C27BB74164}.Release|Any CPU.Build.0 = Release|Any CPU
		{1870D147-B43E-4054-BE60-AC07A3CB6F99}.Debug|Any CPU.ActiveCfg = Debug|Any CPU
		{1870D147-B43E-4054-BE60-AC07A3CB6F99}.Debug|Any CPU.Build.0 = Debug|Any CPU
		{1870D147-B43E-4054-BE60-AC07A3CB6F99}.Release|Any CPU.ActiveCfg = Release|Any CPU
		{1870D147-B43E-4054-BE60-AC07A3CB6F99}.Release|Any CPU.Build.0 = Release|Any CPU
	EndGlobalSection
	GlobalSection(SolutionProperties) = preSolution
		HideSolutionNode = FALSE
	EndGlobalSection
	GlobalSection(ExtensibilityGlobals) = postSolution
		SolutionGuid = {51698EAB-393F-4605-9396-7375F35F8B44}
	EndGlobalSection
EndGlobal
